# This file is automatically @generated by Cargo.
# It is not intended for manual editing.
version = 3

[[package]]
name = "bitflags"
version = "1.3.2"
source = "registry+https://github.com/rust-lang/crates.io-index"
checksum = "bef38d45163c2f1dde094a7dfd33ccf595c92905c8f8f4fdc18d06fb1037718a"

[[package]]
name = "cargo-snippet"
version = "0.6.5"
source = "registry+https://github.com/rust-lang/crates.io-index"
checksum = "5b5d683f04783a882180b7cd232a4e5cb2d01b305e145968e6062a71f66d5ead"

[[package]]
name = "input"
version = "0.6.0"
source = "registry+https://github.com/rust-lang/crates.io-index"
checksum = "f68c2be575d5695a03d446acd1016b1665b26172fb37a75300459abeffba09d1"
dependencies = [
 "bitflags",
 "input-sys",
 "libc",
 "udev",
]

[[package]]
name = "input-sys"
version = "1.15.1"
source = "registry+https://github.com/rust-lang/crates.io-index"
checksum = "0bb1c469633b54ba5998d2092bd5dbf7347253d0d74617816a10f820f4152a84"
dependencies = [
 "libc",
]

[[package]]
name = "lazy_static"
version = "1.4.0"
source = "registry+https://github.com/rust-lang/crates.io-index"
checksum = "e2abad23fbc42b3700f2f279844dc832adb2b2eb069b2df918f455c4e18cc646"

[[package]]
name = "libc"
version = "0.2.102"
source = "registry+https://github.com/rust-lang/crates.io-index"
checksum = "a2a5ac8f984bfcf3a823267e5fde638acc3325f6496633a5da6bb6eb2171e103"

[[package]]
name = "libudev-sys"
version = "0.1.4"
source = "registry+https://github.com/rust-lang/crates.io-index"
checksum = "3c8469b4a23b962c1396b9b451dda50ef5b283e8dd309d69033475fa9b334324"
dependencies = [
 "libc",
 "pkg-config",
]

[[package]]
name = "pkg-config"
version = "0.3.20"
source = "registry+https://github.com/rust-lang/crates.io-index"
checksum = "7c9b1041b4387893b91ee6746cddfc28516aff326a3519fb2adf820932c5e6cb"

[[package]]
name = "proconio"
version = "0.4.3"
source = "registry+https://github.com/rust-lang/crates.io-index"
checksum = "91c333be3af2936f8e810300bc74fe4d0cc168ebc04ab02a28c5b1060fa1bd59"
dependencies = [
 "lazy_static",
]

[[package]]
name = "udev"
version = "0.6.2"
source = "registry+https://github.com/rust-lang/crates.io-index"
checksum = "3193363f52bb34c6708ac2ffedcb5f7e5874f0329ef68e1315f27d8d768eb568"
dependencies = [
 "libc",
 "libudev-sys",
 "pkg-config",
]

[[package]]
name = "warshall_floyd"
version = "0.1.0"
dependencies = [
 "cargo-snippet",
 "input",
 "proconio",
]
